<?xml version="1.0" encoding="utf-8"?>
<Project ToolsVersion="4.0" xmlns="http://schemas.microsoft.com/developer/msbuild/2003">
  <ItemGroup>
    <Filter Include="Source files">
      <UniqueIdentifier>{c23efd65-6374-4bb8-a2d8-ba6679681e41}</UniqueIdentifier>
      <Extensions>cpp;c;cc;cxx;def;odl;idl;hpj;bat;asm;asmx</Extensions>
    </Filter>
    <Filter Include="Header files">
      <UniqueIdentifier>{8f3dd874-0282-4181-b236-199cce72dc8f}</UniqueIdentifier>
      <Extensions>h;hpp;hxx;hm;inl;inc;xsd</Extensions>
    </Filter>
    <Filter Include="Resource files">
      <UniqueIdentifier>{bcb7f13e-fb13-488b-96de-da88d8db2f9f}</UniqueIdentifier>
      <Extensions>rc;ico;cur;bmp;dlg;rc2;rct;bin;rgs;gif;jpg;jpeg;jpe;resx;tiff;tif;png;wav</Extensions>
    </Filter>
    <Filter Include="Make files">
      <UniqueIdentifier>{dcbf7026-5555-42c1-8cff-b199d1675009}</UniqueIdentifier>
    </Filter>
    <Filter Include="VisualGDB settings">
      <UniqueIdentifier>{13da6c1b-d039-4637-909d-1899badcb7a9}</UniqueIdentifier>
    </Filter>
  </ItemGroup>
  <ItemGroup>
    <ClCompile Include="kbus-api.c">
      <Filter>Source files</Filter>
    </ClCompile>
    <None Include="debug.mak">
      <Filter>Make files</Filter>
    </None>
    <None Include="release.mak">
      <Filter>Make files</Filter>
    </None>
    <None Include="kbus-api-Debug.vgdbsettings">
      <Filter>VisualGDB settings</Filter>
    </None>
    <None Include="kbus-api-Release.vgdbsettings">
      <Filter>VisualGDB settings</Filter>
    </None>
    <ClCompile Include="get_config.c">
      <Filter>Source files</Filter>
    </ClCompile>
    <ClCompile Include="json.c">
      <Filter>Source files</Filter>
    </ClCompile>
    <ClCompile Include="kbus.c">
      <Filter>Source files</Filter>
    </ClCompile>
    <ClCompile Include="led.c">
      <Filter>Source files</Filter>
    </ClCompile>
    <ClCompile Include="logger.c">
      <Filter>Source files</Filter>
    </ClCompile>
    <ClCompile Include="mqtt.c">
      <Filter>Source files</Filter>
    </ClCompile>
    <ClCompile Include="node.c">
      <Filter>Source files</Filter>
    </ClCompile>
    <ClCompile Include="switch.c">
      <Filter>Source files</Filter>
    </ClCompile>
  </ItemGroup>
  <ItemGroup>
    <None Include="Makefile" />
  </ItemGroup>
  <ItemGroup>
    <ClInclude Include="kbus-api.h">
      <Filter>Header files</Filter>
    </ClInclude>
    <ClInclude Include="get_config.h">
      <Filter>Header files</Filter>
    </ClInclude>
    <ClInclude Include="json.h">
      <Filter>Header files</Filter>
    </ClInclude>
    <ClInclude Include="kbus.h">
      <Filter>Header files</Filter>
    </ClInclude>
    <ClInclude Include="led.h">
      <Filter>Header files</Filter>
    </ClInclude>
    <ClInclude Include="logger.h">
      <Filter>Header files</Filter>
    </ClInclude>
    <ClInclude Include="mqtt.h">
      <Filter>Header files</Filter>
    </ClInclude>
    <ClInclude Include="node.h">
      <Filter>Header files</Filter>
    </ClInclude>
    <ClInclude Include="switch.h">
      <Filter>Header files</Filter>
    </ClInclude>
    <ClInclude Include="timer.h">
      <Filter>Header files</Filter>
    </ClInclude>
    <ClInclude Include="module.h">
      <Filter>Header files</Filter>
    </ClInclude>
  </ItemGroup>
</Project>